
Microsoft Visual Studio Solution File, Format Version 12.00
# Visual Studio 15
Project("{FAE04EC0-301F-11D3-BF4B-00C04F79EFBC}") = "Assembly-CSharp", "Assembly-CSharp.csproj", "{312294A8-0D2B-9C87-B052-9587E1CF4EF6}"
EndProject
Project("{FAE04EC0-301F-11D3-BF4B-00C04F79EFBC}") = "Assembly-CSharp-firstpass", "Assembly-CSharp-firstpass.csproj", "{A0F0841C-2BEA-1BF3-245B-AEF943C64013}"
EndProject
Project("{FAE04EC0-301F-11D3-BF4B-00C04F79EFBC}") = "Assembly-CSharp-Editor", "Assembly-CSharp-Editor.csproj", "{AEB545A4-9FA9-0CF8-DD90-F8BDDFDFC8DB}"
EndProject
Project("{FAE04EC0-301F-11D3-BF4B-00C04F79EFBC}") = "Assembly-CSharp-Editor-firstpass", "Assembly-CSharp-Editor-firstpass.csproj", "{00F2C95B-0C67-5CD9-955B-6E5923C1BA5B}"
EndProject
Global
	GlobalSection(SolutionConfigurationPlatforms) = preSolution
		Debug|Any CPU = Debug|Any CPU
		Release|Any CPU = Release|Any CPU
	EndGlobalSection
	GlobalSection(ProjectConfigurationPlatforms) = postSolution
		{312294A8-0D2B-9C87-B052-9587E1CF4EF6}.Debug|Any CPU.ActiveCfg = Debug|Any CPU
		{312294A8-0D2B-9C87-B052-9587E1CF4EF6}.Debug|Any CPU.Build.0 = Debug|Any CPU
		{312294A8-0D2B-9C87-B052-9587E1CF4EF6}.Release|Any CPU.ActiveCfg = Release|Any CPU
		{312294A8-0D2B-9C87-B052-9587E1CF4EF6}.Release|Any CPU.Build.0 = Release|Any CPU
		{A0F0841C-2BEA-1BF3-245B-AEF943C64013}.Debug|Any CPU.ActiveCfg = Debug|Any CPU
		{A0F0841C-2BEA-1BF3-245B-AEF943C64013}.Debug|Any CPU.Build.0 = Debug|Any CPU
		{A0F0841C-2BEA-1BF3-245B-AEF943C64013}.Release|Any CPU.ActiveCfg = Release|Any CPU
		{A0F0841C-2BEA-1BF3-245B-AEF943C64013}.Release|Any CPU.Build.0 = Release|Any CPU
		{AEB545A4-9FA9-0CF8-DD90-F8BDDFDFC8DB}.Debug|Any CPU.ActiveCfg = Debug|Any CPU
		{AEB545A4-9FA9-0CF8-DD90-F8BDDFDFC8DB}.Debug|Any CPU.Build.0 = Debug|Any CPU
		{AEB545A4-9FA9-0CF8-DD90-F8BDDFDFC8DB}.Release|Any CPU.ActiveCfg = Release|Any CPU
		{AEB545A4-9FA9-0CF8-DD90-F8BDDFDFC8DB}.Release|Any CPU.Build.0 = Release|Any CPU
		{00F2C95B-0C67-5CD9-955B-6E5923C1BA5B}.Debug|Any CPU.ActiveCfg = Debug|Any CPU
		{00F2C95B-0C67-5CD9-955B-6E5923C1BA5B}.Debug|Any CPU.Build.0 = Debug|Any CPU
		{00F2C95B-0C67-5CD9-955B-6E5923C1BA5B}.Release|Any CPU.ActiveCfg = Release|Any CPU
		{00F2C95B-0C67-5CD9-955B-6E5923C1BA5B}.Release|Any CPU.Build.0 = Release|Any CPU
	EndGlobalSection
	GlobalSection(SolutionProperties) = preSolution
		HideSolutionNode = FALSE
	EndGlobalSection
EndGlobal
